
Microsoft Visual Studio Solution File, Format Version 12.00
# Visual Studio 15
VisualStudioVersion = 15.0.28307.902
MinimumVisualStudioVersion = 10.0.40219.1
Project("{9092AA53-FB77-4645-B42D-1CCCA6BD08BD}") = "NodejsWebApp1", "NodejsWebApp1\NodejsWebApp1.njsproj", "{CC2DF4D2-70B6-42C1-87F5-3E3302CD09BA}"
EndProject
Global
	GlobalSection(SolutionConfigurationPlatforms) = preSolution
		Debug|Any CPU = Debug|Any CPU
		Release|Any CPU = Release|Any CPU
	EndGlobalSection
	GlobalSection(ProjectConfigurationPlatforms) = postSolution
		{CC2DF4D2-70B6-42C1-87F5-3E3302CD09BA}.Debug|Any CPU.ActiveCfg = Debug|Any CPU
		{CC2DF4D2-70B6-42C1-87F5-3E3302CD09BA}.Debug|Any CPU.Build.0 = Debug|Any CPU
		{CC2DF4D2-70B6-42C1-87F5-3E3302CD09BA}.Release|Any CPU.ActiveCfg = Release|Any CPU
		{CC2DF4D2-70B6-42C1-87F5-3E3302CD09BA}.Release|Any CPU.Build.0 = Release|Any CPU
	EndGlobalSection
	GlobalSection(SolutionProperties) = preSolution
		HideSolutionNode = FALSE
	EndGlobalSection
	GlobalSection(ExtensibilityGlobals) = postSolution
		SolutionGuid = {0B33EF8A-5A14-4329-8F8C-450A9E4C7A9A}
	EndGlobalSection
EndGlobal
